
Microsoft Visual Studio Solution File, Format Version 12.00
# Visual Studio Version 17
VisualStudioVersion = 17.2.32630.192
MinimumVisualStudioVersion = 10.0.40219.1
Project("{FAE04EC0-301F-11D3-BF4B-00C04F79EFBC}") = "Bai2", "Bai2\Bai2.csproj", "{B23B0940-8CFD-48C0-9D78-4E851FF00A13}"
EndProject
Global
	GlobalSection(SolutionConfigurationPlatforms) = preSolution
		Debug|Any CPU = Debug|Any CPU
		Release|Any CPU = Release|Any CPU
	EndGlobalSection
	GlobalSection(ProjectConfigurationPlatforms) = postSolution
		{B23B0940-8CFD-48C0-9D78-4E851FF00A13}.Debug|Any CPU.ActiveCfg = Debug|Any CPU
		{B23B0940-8CFD-48C0-9D78-4E851FF00A13}.Debug|Any CPU.Build.0 = Debug|Any CPU
		{B23B0940-8CFD-48C0-9D78-4E851FF00A13}.Release|Any CPU.ActiveCfg = Release|Any CPU
		{B23B0940-8CFD-48C0-9D78-4E851FF00A13}.Release|Any CPU.Build.0 = Release|Any CPU
	EndGlobalSection
	GlobalSection(SolutionProperties) = preSolution
		HideSolutionNode = FALSE
	EndGlobalSection
	GlobalSection(ExtensibilityGlobals) = postSolution
		SolutionGuid = {8597B96F-C999-4B35-B754-860EBDB513AA}
	EndGlobalSection
EndGlobal
